// !$*UTF8*$!
{
	archiveVersion = 1;
	classes = {
	};
	objectVersion = 77;
	objects = {

/* Begin PBXContainerItemProxy section */
		EE408BDA2DCA54EB00AB019A /* PBXContainerItemProxy */ = {
			isa = PBXContainerItemProxy;
			containerPortal = EE408BBF2DCA54E500AB019A /* Project object */;
			proxyType = 1;
			remoteGlobalIDString = EE408BC62DCA54E500AB019A;
			remoteInfo = Quiroz_Landmarks;
		};
		EE408BE42DCA54EB00AB019A /* PBXContainerItemProxy */ = {
			isa = PBXContainerItemProxy;
			containerPortal = EE408BBF2DCA54E500AB019A /* Project object */;
			proxyType = 1;
			remoteGlobalIDString = EE408BC62DCA54E500AB019A;
			remoteInfo = Quiroz_Landmarks;
		};
/* End PBXContainerItemProxy section */

/* Begin PBXFileReference section */
		EE408BC72DCA54E500AB019A /* Quiroz_Landmarks.app */ = {isa = PBXFileReference; explicitFileType = wrapper.application; includeInIndex = 0; path = Quiroz_Landmarks.app; sourceTree = BUILT_PRODUCTS_DIR; };
		EE408BD92DCA54EB00AB019A /* Quiroz_LandmarksTests.xctest */ = {isa = PBXFileReference; explicitFileType = wrapper.cfbundle; includeInIndex = 0; path = Quiroz_LandmarksTests.xctest; sourceTree = BUILT_PRODUCTS_DIR; };
		EE408BE32DCA54EB00AB019A /* Quiroz_LandmarksUITests.xctest */ = {isa = PBXFileReference; explicitFileType = wrapper.cfbundle; includeInIndex = 0; path = Quiroz_LandmarksUITests.xctest; sourceTree = BUILT_PRODUCTS_DIR; };
/* End PBXFileReference section */

/* Begin PBXFileSystemSynchronizedRootGroup section */
		EE408BC92DCA54E500AB019A /* Quiroz_Landmarks */ = {
			isa = PBXFileSystemSynchronizedRootGroup;
			path = Quiroz_Landmarks;
			sourceTree = "<group>";
		};
		EE408BDC2DCA54EB00AB019A /* Quiroz_LandmarksTests */ = {
			isa = PBXFileSystemSynchronizedRootGroup;
			path = Quiroz_LandmarksTests;
			sourceTree = "<group>";
		};
		EE408BE62DCA54EB00AB019A /* Quiroz_LandmarksUITests */ = {
			isa = PBXFileSystemSynchronizedRootGroup;
			path = Quiroz_LandmarksUITests;
			sourceTree = "<group>";
		};
/* End PBXFileSystemSynchronizedRootGroup section */

/* Begin PBXFrameworksBuildPhase section */
		EE408BC42DCA54E500AB019A /* Frameworks */ = {
			isa = PBXFrameworksBuildPhase;
			buildActionMask = 2147483647;
			files = (
			);
			runOnlyForDeploymentPostprocessing = 0;
		};
		EE408BD62DCA54EB00AB019A /* Frameworks */ = {
			isa = PBXFrameworksBuildPhase;
			buildActionMask = 2147483647;
			files = (
			);
			runOnlyForDeploymentPostprocessing = 0;
		};
		EE408BE02DCA54EB00AB019A /* Frameworks */ = {
			isa = PBXFrameworksBuildPhase;
			buildActionMask = 2147483647;
			files = (
			);
			runOnlyForDeploymentPostprocessing = 0;
		};
/* End PBXFrameworksBuildPhase section */

/* Begin PBXGroup section */
		EE408BBE2DCA54E500AB019A = {
			isa = PBXGroup;
			children = (
				EE408BC92DCA54E500AB019A /* Quiroz_Landmarks */,
				EE408BDC2DCA54EB00AB019A /* Quiroz_LandmarksTests */,
				EE408BE62DCA54EB00AB019A /* Quiroz_LandmarksUITests */,
				EE408BC82DCA54E500AB019A /* Products */,
			);
			sourceTree = "<group>";
		};
		EE408BC82DCA54E500AB019A /* Products */ = {
			isa = PBXGroup;
			children = (
				EE408BC72DCA54E500AB019A /* Quiroz_Landmarks.app */,
				EE408BD92DCA54EB00AB019A /* Quiroz_LandmarksTests.xctest */,
				EE408BE32DCA54EB00AB019A /* Quiroz_LandmarksUITests.xctest */,
			);
			name = Products;
			sourceTree = "<group>";
		};
/* End PBXGroup section */

/* Begin PBXNativeTarget section */
		EE408BC62DCA54E500AB019A /* Quiroz_Landmarks */ = {
			isa = PBXNativeTarget;
			buildConfigurationList = EE408BED2DCA54EB00AB019A /* Build configuration list for PBXNativeTarget "Quiroz_Landmarks" */;
			buildPhases = (
				EE408BC32DCA54E500AB019A /* Sources */,
				EE408BC42DCA54E500AB019A /* Frameworks */,
				EE408BC52DCA54E500AB019A /* Resources */,
			);
			buildRules = (
			);
			dependencies = (
			);
			fileSystemSynchronizedGroups = (
				EE408BC92DCA54E500AB019A /* Quiroz_Landmarks */,
			);
			name = Quiroz_Landmarks;
			packageProductDependencies = (
			);
			productName = Quiroz_Landmarks;
			productReference = EE408BC72DCA54E500AB019A /* Quiroz_Landmarks.app */;
			productType = "com.apple.product-type.application";
		};
		EE408BD82DCA54EB00AB019A /* Quiroz_LandmarksTests */ = {
			isa = PBXNativeTarget;
			buildConfigurationList = EE408BF02DCA54EB00AB019A /* Build configuration list for PBXNativeTarget "Quiroz_LandmarksTests" */;
			buildPhases = (
				EE408BD52DCA54EB00AB019A /* Sources */,
				EE408BD62DCA54EB00AB019A /* Frameworks */,
				EE408BD72DCA54EB00AB019A /* Resources */,
			);
			buildRules = (
			);
			dependencies = (
				EE408BDB2DCA54EB00AB019A /* PBXTargetDependency */,
			);
			fileSystemSynchronizedGroups = (
				EE408BDC2DCA54EB00AB019A /* Quiroz_LandmarksTests */,
			);
			name = Quiroz_LandmarksTests;
			packageProductDependencies = (
			);
			productName = Quiroz_LandmarksTests;
			productReference = EE408BD92DCA54EB00AB019A /* Quiroz_LandmarksTests.xctest */;
			productType = "com.apple.product-type.bundle.unit-test";
		};
		EE408BE22DCA54EB00AB019A /* Quiroz_LandmarksUITests */ = {
			isa = PBXNativeTarget;
			buildConfigurationList = EE408BF32DCA54EB00AB019A /* Build configuration list for PBXNativeTarget "Quiroz_LandmarksUITests" */;
			buildPhases = (
				EE408BDF2DCA54EB00AB019A /* Sources */,
				EE408BE02DCA54EB00AB019A /* Frameworks */,
				EE408BE12DCA54EB00AB019A /* Resources */,
			);
			buildRules = (
			);
			dependencies = (
				EE408BE52DCA54EB00AB019A /* PBXTargetDependency */,
			);
			fileSystemSynchronizedGroups = (
				EE408BE62DCA54EB00AB019A /* Quiroz_LandmarksUITests */,
			);
			name = Quiroz_LandmarksUITests;
			packageProductDependencies = (
			);
			productName = Quiroz_LandmarksUITests;
			productReference = EE408BE32DCA54EB00AB019A /* Quiroz_LandmarksUITests.xctest */;
			productType = "com.apple.product-type.bundle.ui-testing";
		};
/* End PBXNativeTarget section */

/* Begin PBXProject section */
		EE408BBF2DCA54E500AB019A /* Project object */ = {
			isa = PBXProject;
			attributes = {
				BuildIndependentTargetsInParallel = 1;
				LastSwiftUpdateCheck = 1630;
				LastUpgradeCheck = 1630;
				TargetAttributes = {
					EE408BC62DCA54E500AB019A = {
						CreatedOnToolsVersion = 16.3;
					};
					EE408BD82DCA54EB00AB019A = {
						CreatedOnToolsVersion = 16.3;
						TestTargetID = EE408BC62DCA54E500AB019A;
					};
					EE408BE22DCA54EB00AB019A = {
						CreatedOnToolsVersion = 16.3;
						TestTargetID = EE408BC62DCA54E500AB019A;
					};
				};
			};
			buildConfigurationList = EE408BC22DCA54E500AB019A /* Build configuration list for PBXProject "Quiroz_Landmarks" */;
			developmentRegion = en;
			hasScannedForEncodings = 0;
			knownRegions = (
				en,
				Base,
			);
			mainGroup = EE408BBE2DCA54E500AB019A;
			minimizedProjectReferenceProxies = 1;
			preferredProjectObjectVersion = 77;
			productRefGroup = EE408BC82DCA54E500AB019A /* Products */;
			projectDirPath = "";
			projectRoot = "";
			targets = (
				EE408BC62DCA54E500AB019A /* Quiroz_Landmarks */,
				EE408BD82DCA54EB00AB019A /* Quiroz_LandmarksTests */,
				EE408BE22DCA54EB00AB019A /* Quiroz_LandmarksUITests */,
			);
		};
/* End PBXProject section */

/* Begin PBXResourcesBuildPhase section */
		EE408BC52DCA54E500AB019A /* Resources */ = {
			isa = PBXResourcesBuildPhase;
			buildActionMask = 2147483647;
			files = (
			);
			runOnlyForDeploymentPostprocessing = 0;
		};
		EE408BD72DCA54EB00AB019A /* Resources */ = {
			isa = PBXResourcesBuildPhase;
			buildActionMask = 2147483647;
			files = (
			);
			runOnlyForDeploymentPostprocessing = 0;
		};
		EE408BE12DCA54EB00AB019A /* Resources */ = {
			isa = PBXResourcesBuildPhase;
			buildActionMask = 2147483647;
			files = (
			);
			runOnlyForDeploymentPostprocessing = 0;
		};
/* End PBXResourcesBuildPhase section */

/* Begin PBXSourcesBuildPhase section */
		EE408BC32DCA54E500AB019A /* Sources */ = {
			isa = PBXSourcesBuildPhase;
			buildActionMask = 2147483647;
			files = (
			);
			runOnlyForDeploymentPostprocessing = 0;
		};
		EE408BD52DCA54EB00AB019A /* Sources */ = {
			isa = PBXSourcesBuildPhase;
			buildActionMask = 2147483647;
			files = (
			);
			runOnlyForDeploymentPostprocessing = 0;
		};
		EE408BDF2DCA54EB00AB019A /* Sources */ = {
			isa = PBXSourcesBuildPhase;
			buildActionMask = 2147483647;
			files = (
			);
			runOnlyForDeploymentPostprocessing = 0;
		};
/* End PBXSourcesBuildPhase section */

/* Begin PBXTargetDependency section */
		EE408BDB2DCA54EB00AB019A /* PBXTargetDependency */ = {
			isa = PBXTargetDependency;
			target = EE408BC62DCA54E500AB019A /* Quiroz_Landmarks */;
			targetProxy = EE408BDA2DCA54EB00AB019A /* PBXContainerItemProxy */;
		};
		EE408BE52DCA54EB00AB019A /* PBXTargetDependency */ = {
			isa = PBXTargetDependency;
			target = EE408BC62DCA54E500AB019A /* Quiroz_Landmarks */;
			targetProxy = EE408BE42DCA54EB00AB019A /* PBXContainerItemProxy */;
		};
/* End PBXTargetDependency section */

/* Begin XCBuildConfiguration section */
		EE408BEB2DCA54EB00AB019A /* Debug */ = {
			isa = XCBuildConfiguration;
			buildSettings = {
				ALWAYS_SEARCH_USER_PATHS = NO;
				ASSETCATALOG_COMPILER_GENERATE_SWIFT_ASSET_SYMBOL_EXTENSIONS = YES;
				CLANG_ANALYZER_NONNULL = YES;
				CLANG_ANALYZER_NUMBER_OBJECT_CONVERSION = YES_AGGRESSIVE;
				CLANG_CXX_LANGUAGE_STANDARD = "gnu++20";
				CLANG_ENABLE_MODULES = YES;
				CLANG_ENABLE_OBJC_ARC = YES;
				CLANG_ENABLE_OBJC_WEAK = YES;
				CLANG_WARN_BLOCK_CAPTURE_AUTORELEASING = YES;
				CLANG_WARN_BOOL_CONVERSION = YES;
				CLANG_WARN_COMMA = YES;
				CLANG_WARN_CONSTANT_CONVERSION = YES;
				CLANG_WARN_DEPRECATED_OBJC_IMPLEMENTATIONS = YES;
				CLANG_WARN_DIRECT_OBJC_ISA_USAGE = YES_ERROR;
				CLANG_WARN_DOCUMENTATION_COMMENTS = YES;
				CLANG_WARN_EMPTY_BODY = YES;
				CLANG_WARN_ENUM_CONVERSION = YES;
				CLANG_WARN_INFINITE_RECURSION = YES;
				CLANG_WARN_INT_CONVERSION = YES;
				CLANG_WARN_NON_LITERAL_NULL_CONVERSION = YES;
				CLANG_WARN_OBJC_IMPLICIT_RETAIN_SELF = YES;
				CLANG_WARN_OBJC_LITERAL_CONVERSION = YES;
				CLANG_WARN_OBJC_ROOT_CLASS = YES_ERROR;
				CLANG_WARN_QUOTED_INCLUDE_IN_FRAMEWORK_HEADER = YES;
				CLANG_WARN_RANGE_LOOP_ANALYSIS = YES;
				CLANG_WARN_STRICT_PROTOTYPES = YES;
				CLANG_WARN_SUSPICIOUS_MOVE = YES;
				CLANG_WARN_UNGUARDED_AVAILABILITY = YES_AGGRESSIVE;
				CLANG_WARN_UNREACHABLE_CODE = YES;
				CLANG_WARN__DUPLICATE_METHOD_MATCH = YES;
				COPY_PHASE_STRIP = NO;
				DEBUG_INFORMATION_FORMAT = dwarf;
				DEVELOPMENT_TEAM = UW9PM6ZD53;
				ENABLE_STRICT_OBJC_MSGSEND = YES;
				ENABLE_TESTABILITY = YES;
				ENABLE_USER_SCRIPT_SANDBOXING = YES;
				GCC_C_LANGUAGE_STANDARD = gnu17;
				GCC_DYNAMIC_NO_PIC = NO;
				GCC_NO_COMMON_BLOCKS = YES;
				GCC_OPTIMIZATION_LEVEL = 0;
				GCC_PREPROCESSOR_DEFINITIONS = (
					"DEBUG=1",
					"$(inherited)",
				);
				GCC_WARN_64_TO_32_BIT_CONVERSION = YES;
				GCC_WARN_ABOUT_RETURN_TYPE = YES_ERROR;
				GCC_WARN_UNDECLARED_SELECTOR = YES;
				GCC_WARN_UNINITIALIZED_AUTOS = YES_AGGRESSIVE;
				GCC_WARN_UNUSED_FUNCTION = YES;
				GCC_WARN_UNUSED_VARIABLE = YES;
				IPHONEOS_DEPLOYMENT_TARGET = 18.4;
				LOCALIZATION_PREFERS_STRING_CATALOGS = YES;
				MTL_ENABLE_DEBUG_INFO = INCLUDE_SOURCE;
				MTL_FAST_MATH = YES;
				ONLY_ACTIVE_ARCH = YES;
				SDKROOT = iphoneos;
				SWIFT_ACTIVE_COMPILATION_CONDITIONS = "DEBUG $(inherited)";
				SWIFT_OPTIMIZATION_LEVEL = "-Onone";
			};
			name = Debug;
		};
		EE408BEC2DCA54EB00AB019A /* Release */ = {
			isa = XCBuildConfiguration;
			buildSettings = {
				ALWAYS_SEARCH_USER_PATHS = NO;
				ASSETCATALOG_COMPILER_GENERATE_SWIFT_ASSET_SYMBOL_EXTENSIONS = YES;
				CLANG_ANALYZER_NONNULL = YES;
				CLANG_ANALYZER_NUMBER_OBJECT_CONVERSION = YES_AGGRESSIVE;
				CLANG_CXX_LANGUAGE_STANDARD = "gnu++20";
				CLANG_ENABLE_MODULES = YES;
				CLANG_ENABLE_OBJC_ARC = YES;
				CLANG_ENABLE_OBJC_WEAK = YES;
				CLANG_WARN_BLOCK_CAPTURE_AUTORELEASING = YES;
				CLANG_WARN_BOOL_CONVERSION = YES;
				CLANG_WARN_COMMA = YES;
				CLANG_WARN_CONSTANT_CONVERSION = YES;
				CLANG_WARN_DEPRECATED_OBJC_IMPLEMENTATIONS = YES;
				CLANG_WARN_DIRECT_OBJC_ISA_USAGE = YES_ERROR;
				CLANG_WARN_DOCUMENTATION_COMMENTS = YES;
				CLANG_WARN_EMPTY_BODY = YES;
				CLANG_WARN_ENUM_CONVERSION = YES;
				CLANG_WARN_INFINITE_RECURSION = YES;
				CLANG_WARN_INT_CONVERSION = YES;
				CLANG_WARN_NON_LITERAL_NULL_CONVERSION = YES;
				CLANG_WARN_OBJC_IMPLICIT_RETAIN_SELF = YES;
				CLANG_WARN_OBJC_LITERAL_CONVERSION = YES;
				CLANG_WARN_OBJC_ROOT_CLASS = YES_ERROR;
				CLANG_WARN_QUOTED_INCLUDE_IN_FRAMEWORK_HEADER = YES;
				CLANG_WARN_RANGE_LOOP_ANALYSIS = YES;
				CLANG_WARN_STRICT_PROTOTYPES = YES;
				CLANG_WARN_SUSPICIOUS_MOVE = YES;
				CLANG_WARN_UNGUARDED_AVAILABILITY = YES_AGGRESSIVE;
				CLANG_WARN_UNREACHABLE_CODE = YES;
				CLANG_WARN__DUPLICATE_METHOD_MATCH = YES;
				COPY_PHASE_STRIP = NO;
				DEBUG_INFORMATION_FORMAT = "dwarf-with-dsym";
				DEVELOPMENT_TEAM = UW9PM6ZD53;
				ENABLE_NS_ASSERTIONS = NO;
				ENABLE_STRICT_OBJC_MSGSEND = YES;
				ENABLE_USER_SCRIPT_SANDBOXING = YES;
				GCC_C_LANGUAGE_STANDARD = gnu17;
				GCC_NO_COMMON_BLOCKS = YES;
				GCC_WARN_64_TO_32_BIT_CONVERSION = YES;
				GCC_WARN_ABOUT_RETURN_TYPE = YES_ERROR;
				GCC_WARN_UNDECLARED_SELECTOR = YES;
				GCC_WARN_UNINITIALIZED_AUTOS = YES_AGGRESSIVE;
				GCC_WARN_UNUSED_FUNCTION = YES;
				GCC_WARN_UNUSED_VARIABLE = YES;
				IPHONEOS_DEPLOYMENT_TARGET = 18.4;
				LOCALIZATION_PREFERS_STRING_CATALOGS = YES;
				MTL_ENABLE_DEBUG_INFO = NO;
				MTL_FAST_MATH = YES;
				SDKROOT = iphoneos;
				SWIFT_COMPILATION_MODE = wholemodule;
				VALIDATE_PRODUCT = YES;
			};
			name = Release;
		};
		EE408BEE2DCA54EB00AB019A /* Debug */ = {
			isa = XCBuildConfiguration;
			buildSettings = {
				ASSETCATALOG_COMPILER_APPICON_NAME = AppIcon;
				ASSETCATALOG_COMPILER_GLOBAL_ACCENT_COLOR_NAME = AccentColor;
				CODE_SIGN_STYLE = Automatic;
				CURRENT_PROJECT_VERSION = 1;
				DEVELOPMENT_TEAM = UW9PM6ZD53;
				ENABLE_PREVIEWS = YES;
				GENERATE_INFOPLIST_FILE = YES;
				INFOPLIST_KEY_UIApplicationSceneManifest_Generation = YES;
				INFOPLIST_KEY_UIApplicationSupportsIndirectInputEvents = YES;
				INFOPLIST_KEY_UILaunchScreen_Generation = YES;
				INFOPLIST_KEY_UISupportedInterfaceOrientations_iPad = "UIInterfaceOrientationPortrait UIInterfaceOrientationPortraitUpsideDown UIInterfaceOrientationLandscapeLeft UIInterfaceOrientationLandscapeRight";
				INFOPLIST_KEY_UISupportedInterfaceOrientations_iPhone = "UIInterfaceOrientationPortrait UIInterfaceOrientationLandscapeLeft UIInterfaceOrientationLandscapeRight";
				LD_RUNPATH_SEARCH_PATHS = (
					"$(inherited)",
					"@executable_path/Frameworks",
				);
				MARKETING_VERSION = 1.0;
				PRODUCT_BUNDLE_IDENTIFIER = "DQ.Quiroz-Landmarks";
				PRODUCT_NAME = "$(TARGET_NAME)";
				SWIFT_EMIT_LOC_STRINGS = YES;
				SWIFT_VERSION = 5.0;
				TARGETED_DEVICE_FAMILY = "1,2";
			};
			name = Debug;
		};
		EE408BEF2DCA54EB00AB019A /* Release */ = {
			isa = XCBuildConfiguration;
			buildSettings = {
				ASSETCATALOG_COMPILER_APPICON_NAME = AppIcon;
				ASSETCATALOG_COMPILER_GLOBAL_ACCENT_COLOR_NAME = AccentColor;
				CODE_SIGN_STYLE = Automatic;
				CURRENT_PROJECT_VERSION = 1;
				DEVELOPMENT_TEAM = UW9PM6ZD53;
				ENABLE_PREVIEWS = YES;
				GENERATE_INFOPLIST_FILE = YES;
				INFOPLIST_KEY_UIApplicationSceneManifest_Generation = YES;
				INFOPLIST_KEY_UIApplicationSupportsIndirectInputEvents = YES;
				INFOPLIST_KEY_UILaunchScreen_Generation = YES;
				INFOPLIST_KEY_UISupportedInterfaceOrientations_iPad = "UIInterfaceOrientationPortrait UIInterfaceOrientationPortraitUpsideDown UIInterfaceOrientationLandscapeLeft UIInterfaceOrientationLandscapeRight";
				INFOPLIST_KEY_UISupportedInterfaceOrientations_iPhone = "UIInterfaceOrientationPortrait UIInterfaceOrientationLandscapeLeft UIInterfaceOrientationLandscapeRight";
				LD_RUNPATH_SEARCH_PATHS = (
					"$(inherited)",
					"@executable_path/Frameworks",
				);
				MARKETING_VERSION = 1.0;
				PRODUCT_BUNDLE_IDENTIFIER = "DQ.Quiroz-Landmarks";
				PRODUCT_NAME = "$(TARGET_NAME)";
				SWIFT_EMIT_LOC_STRINGS = YES;
				SWIFT_VERSION = 5.0;
				TARGETED_DEVICE_FAMILY = "1,2";
			};
			name = Release;
		};
		EE408BF12DCA54EB00AB019A /* Debug */ = {
			isa = XCBuildConfiguration;
			buildSettings = {
				BUNDLE_LOADER = "$(TEST_HOST)";
				CODE_SIGN_STYLE = Automatic;
				CURRENT_PROJECT_VERSION = 1;
				DEVELOPMENT_TEAM = UW9PM6ZD53;
				GENERATE_INFOPLIST_FILE = YES;
				IPHONEOS_DEPLOYMENT_TARGET = 18.4;
				MARKETING_VERSION = 1.0;
				PRODUCT_BUNDLE_IDENTIFIER = "DQ.Quiroz-LandmarksTests";
				PRODUCT_NAME = "$(TARGET_NAME)";
				SWIFT_EMIT_LOC_STRINGS = NO;
				SWIFT_VERSION = 5.0;
				TARGETED_DEVICE_FAMILY = "1,2";
				TEST_HOST = "$(BUILT_PRODUCTS_DIR)/Quiroz_Landmarks.app/$(BUNDLE_EXECUTABLE_FOLDER_PATH)/Quiroz_Landmarks";
			};
			name = Debug;
		};
		EE408BF22DCA54EB00AB019A /* Release */ = {
			isa = XCBuildConfiguration;
			buildSettings = {
				BUNDLE_LOADER = "$(TEST_HOST)";
				CODE_SIGN_STYLE = Automatic;
				CURRENT_PROJECT_VERSION = 1;
				DEVELOPMENT_TEAM = UW9PM6ZD53;
				GENERATE_INFOPLIST_FILE = YES;
				IPHONEOS_DEPLOYMENT_TARGET = 18.4;
				MARKETING_VERSION = 1.0;
				PRODUCT_BUNDLE_IDENTIFIER = "DQ.Quiroz-LandmarksTests";
				PRODUCT_NAME = "$(TARGET_NAME)";
				SWIFT_EMIT_LOC_STRINGS = NO;
				SWIFT_VERSION = 5.0;
				TARGETED_DEVICE_FAMILY = "1,2";
				TEST_HOST = "$(BUILT_PRODUCTS_DIR)/Quiroz_Landmarks.app/$(BUNDLE_EXECUTABLE_FOLDER_PATH)/Quiroz_Landmarks";
			};
			name = Release;
		};
		EE408BF42DCA54EB00AB019A /* Debug */ = {
			isa = XCBuildConfiguration;
			buildSettings = {
				CODE_SIGN_STYLE = Automatic;
				CURRENT_PROJECT_VERSION = 1;
				DEVELOPMENT_TEAM = UW9PM6ZD53;
				GENERATE_INFOPLIST_FILE = YES;
				MARKETING_VERSION = 1.0;
				PRODUCT_BUNDLE_IDENTIFIER = "DQ.Quiroz-LandmarksUITests";
				PRODUCT_NAME = "$(TARGET_NAME)";
				SWIFT_EMIT_LOC_STRINGS = NO;
				SWIFT_VERSION = 5.0;
				TARGETED_DEVICE_FAMILY = "1,2";
				TEST_TARGET_NAME = Quiroz_Landmarks;
			};
			name = Debug;
		};
		EE408BF52DCA54EB00AB019A /* Release */ = {
			isa = XCBuildConfiguration;
			buildSettings = {
				CODE_SIGN_STYLE = Automatic;
				CURRENT_PROJECT_VERSION = 1;
				DEVELOPMENT_TEAM = UW9PM6ZD53;
				GENERATE_INFOPLIST_FILE = YES;
				MARKETING_VERSION = 1.0;
				PRODUCT_BUNDLE_IDENTIFIER = "DQ.Quiroz-LandmarksUITests";
				PRODUCT_NAME = "$(TARGET_NAME)";
				SWIFT_EMIT_LOC_STRINGS = NO;
				SWIFT_VERSION = 5.0;
				TARGETED_DEVICE_FAMILY = "1,2";
				TEST_TARGET_NAME = Quiroz_Landmarks;
			};
			name = Release;
		};
/* End XCBuildConfiguration section */

/* Begin XCConfigurationList section */
		EE408BC22DCA54E500AB019A /* Build configuration list for PBXProject "Quiroz_Landmarks" */ = {
			isa = XCConfigurationList;
			buildConfigurations = (
				EE408BEB2DCA54EB00AB019A /* Debug */,
				EE408BEC2DCA54EB00AB019A /* Release */,
			);
			defaultConfigurationIsVisible = 0;
			defaultConfigurationName = Release;
		};
		EE408BED2DCA54EB00AB019A /* Build configuration list for PBXNativeTarget "Quiroz_Landmarks" */ = {
			isa = XCConfigurationList;
			buildConfigurations = (
				EE408BEE2DCA54EB00AB019A /* Debug */,
				EE408BEF2DCA54EB00AB019A /* Release */,
			);
			defaultConfigurationIsVisible = 0;
			defaultConfigurationName = Release;
		};
		EE408BF02DCA54EB00AB019A /* Build configuration list for PBXNativeTarget "Quiroz_LandmarksTests" */ = {
			isa = XCConfigurationList;
			buildConfigurations = (
				EE408BF12DCA54EB00AB019A /* Debug */,
				EE408BF22DCA54EB00AB019A /* Release */,
			);
			defaultConfigurationIsVisible = 0;
			defaultConfigurationName = Release;
		};
		EE408BF32DCA54EB00AB019A /* Build configuration list for PBXNativeTarget "Quiroz_LandmarksUITests" */ = {
			isa = XCConfigurationList;
			buildConfigurations = (
				EE408BF42DCA54EB00AB019A /* Debug */,
				EE408BF52DCA54EB00AB019A /* Release */,
			);
			defaultConfigurationIsVisible = 0;
			defaultConfigurationName = Release;
		};
/* End XCConfigurationList section */
	};
	rootObject = EE408BBF2DCA54E500AB019A /* Project object */;
}
